dependencies:
  espressif/cmake_utilities:
    component_hash: 351350613ceafba240b761b4ea991e0f231ac7a9f59a9ee901f751bddc0bb18f
    dependencies:
    - name: idf
      registry_url: https://components.espressif.com
      require: private
      version: '>=4.1'
    source:
      registry_url: https://components.espressif.com/
      type: service
    version: 0.5.3
  espressif/esp_lcd_gc9a01:
    component_hash: 9a6877a69d44729fa3f4aa6fa462cf1a9b47cd16d737e1a5191e5cf78437c7ee
    dependencies:
    - name: idf
      registry_url: https://components.espressif.com
      require: private
      version: '>=4.4'
    - name: espressif/cmake_utilities
      registry_url: https://components.espressif.com
      require: private
      version: 0.*
    source:
      registry_url: https://components.espressif.com/
      type: service
    version: 2.0.0
  espressif/esp_tinyusb:
    component_hash: f151d680d6847bfcfd5d8eb6d1c3ff926c208e6b963b2e83643a141bc70baa15
    dependencies:
    - name: idf
      registry_url: https://components.espressif.com
      require: private
      version: '>=5.0'
    - name: espressif/tinyusb
      registry_url: https://components.espressif.com
      require: public
      version: '>=0.14.2'
    source:
      registry_url: https://components.espressif.com/
      type: service
    version: 1.4.4
  espressif/led_strip:
    component_hash: fc66f8544851132555bc668475f7b68acd6a211c8075db5ce1951cbfa27dfb88
    dependencies:
    - name: idf
      registry_url: https://components.espressif.com
      require: private
      version: '>=4.4'
    source:
      registry_url: https://components.espressif.com/
      type: service
    version: 2.5.4
  espressif/tinyusb:
    component_hash: 7f73a4159dc95325ceaa4ade5e88734c4e1f5124746a3765cf61dc6157d78798
    dependencies:
    - name: idf
      require: private
      version: '>=5.0'
    source:
      registry_url: https://components.espressif.com
      type: service
    targets:
    - esp32s2
    - esp32s3
    - esp32p4
    version: 0.17.0~2
  idf:
    source:
      type: idf
    version: 5.2.3
direct_dependencies:
- espressif/cmake_utilities
- espressif/esp_lcd_gc9a01
- espressif/esp_tinyusb
- espressif/led_strip
- idf
manifest_hash: 79cb0f7a707ee6443b88cf2d8ebfbfa5aa06e7f0a8902e5b8246df46b8f7309a
target: esp32s3
version: 2.0.0
